
Microsoft Visual Studio Solution File, Format Version 12.00
# Visual Studio Version 16
VisualStudioVersion = 16.0.29025.244
MinimumVisualStudioVersion = 10.0.40219.1
Project("{2150E333-8FDC-42A3-9474-1A3956D46DE8}") = ".shared", ".shared", "{10BDD7B8-50F7-4DCB-A63E-C6098B7C227D}"
	ProjectSection(SolutionItems) = preProject
		.shared\SharedAssemblyInfo.cs = .shared\SharedAssemblyInfo.cs
	EndProjectSection
EndProject
Project("{FAE04EC0-301F-11D3-BF4B-00C04F79EFBC}") = "Dogginator", "Dogginator\Dogginator.csproj", "{0C3E6EBB-AB46-4509-AD7E-AB5E0E416647}"
EndProject
Project("{FAE04EC0-301F-11D3-BF4B-00C04F79EFBC}") = "DogginatorLibrary", "DogginatorLibrary\DogginatorLibrary.csproj", "{1CD608E6-6E86-4BAF-866E-0D13073BCC2E}"
EndProject
Project("{FAE04EC0-301F-11D3-BF4B-00C04F79EFBC}") = "LoginLibrary", "LoginLibrary\LoginLibrary.csproj", "{405CF7E3-6D8D-474E-84AC-642FF5B8D865}"
EndProject
Project("{FAE04EC0-301F-11D3-BF4B-00C04F79EFBC}") = "AppointmentLibrary", "AppointmentLibrary\AppointmentLibrary.csproj", "{330100BA-3C51-4D99-B6A8-A993A44514EC}"
EndProject
Project("{2150E333-8FDC-42A3-9474-1A3956D46DE8}") = "Librarys", "Librarys", "{70201815-CFB6-4161-808B-C8E469586746}"
EndProject
Project("{FAE04EC0-301F-11D3-BF4B-00C04F79EFBC}") = "ConsistedBookLibrary", "ConsistedBookLibrary\ConsistedBookLibrary.csproj", "{DA7C94C5-EA0A-4983-8166-AC629CFBB4EA}"
EndProject
Project("{FAE04EC0-301F-11D3-BF4B-00C04F79EFBC}") = "CustomerLibrary", "CustomerLibrary\CustomerLibrary.csproj", "{08D24B1E-B65E-4110-938F-7D9AB6FBF615}"
EndProject
Project("{FAE04EC0-301F-11D3-BF4B-00C04F79EFBC}") = "DogLibrary", "DogLibrary\DogLibrary.csproj", "{BB17E68C-3AD9-4BB9-BA29-2E8042DC8F3C}"
EndProject
Global
	GlobalSection(SolutionConfigurationPlatforms) = preSolution
		Debug|Any CPU = Debug|Any CPU
		Release|Any CPU = Release|Any CPU
	EndGlobalSection
	GlobalSection(ProjectConfigurationPlatforms) = postSolution
		{0C3E6EBB-AB46-4509-AD7E-AB5E0E416647}.Debug|Any CPU.ActiveCfg = Debug|Any CPU
		{0C3E6EBB-AB46-4509-AD7E-AB5E0E416647}.Debug|Any CPU.Build.0 = Debug|Any CPU
		{0C3E6EBB-AB46-4509-AD7E-AB5E0E416647}.Release|Any CPU.ActiveCfg = Release|Any CPU
		{0C3E6EBB-AB46-4509-AD7E-AB5E0E416647}.Release|Any CPU.Build.0 = Release|Any CPU
		{1CD608E6-6E86-4BAF-866E-0D13073BCC2E}.Debug|Any CPU.ActiveCfg = Debug|Any CPU
		{1CD608E6-6E86-4BAF-866E-0D13073BCC2E}.Debug|Any CPU.Build.0 = Debug|Any CPU
		{1CD608E6-6E86-4BAF-866E-0D13073BCC2E}.Release|Any CPU.ActiveCfg = Release|Any CPU
		{1CD608E6-6E86-4BAF-866E-0D13073BCC2E}.Release|Any CPU.Build.0 = Release|Any CPU
		{405CF7E3-6D8D-474E-84AC-642FF5B8D865}.Debug|Any CPU.ActiveCfg = Debug|Any CPU
		{405CF7E3-6D8D-474E-84AC-642FF5B8D865}.Debug|Any CPU.Build.0 = Debug|Any CPU
		{405CF7E3-6D8D-474E-84AC-642FF5B8D865}.Release|Any CPU.ActiveCfg = Release|Any CPU
		{405CF7E3-6D8D-474E-84AC-642FF5B8D865}.Release|Any CPU.Build.0 = Release|Any CPU
		{330100BA-3C51-4D99-B6A8-A993A44514EC}.Debug|Any CPU.ActiveCfg = Debug|Any CPU
		{330100BA-3C51-4D99-B6A8-A993A44514EC}.Debug|Any CPU.Build.0 = Debug|Any CPU
		{330100BA-3C51-4D99-B6A8-A993A44514EC}.Release|Any CPU.ActiveCfg = Release|Any CPU
		{330100BA-3C51-4D99-B6A8-A993A44514EC}.Release|Any CPU.Build.0 = Release|Any CPU
		{DA7C94C5-EA0A-4983-8166-AC629CFBB4EA}.Debug|Any CPU.ActiveCfg = Debug|Any CPU
		{DA7C94C5-EA0A-4983-8166-AC629CFBB4EA}.Debug|Any CPU.Build.0 = Debug|Any CPU
		{DA7C94C5-EA0A-4983-8166-AC629CFBB4EA}.Release|Any CPU.ActiveCfg = Release|Any CPU
		{DA7C94C5-EA0A-4983-8166-AC629CFBB4EA}.Release|Any CPU.Build.0 = Release|Any CPU
		{08D24B1E-B65E-4110-938F-7D9AB6FBF615}.Debug|Any CPU.ActiveCfg = Debug|Any CPU
		{08D24B1E-B65E-4110-938F-7D9AB6FBF615}.Debug|Any CPU.Build.0 = Debug|Any CPU
		{08D24B1E-B65E-4110-938F-7D9AB6FBF615}.Release|Any CPU.ActiveCfg = Release|Any CPU
		{08D24B1E-B65E-4110-938F-7D9AB6FBF615}.Release|Any CPU.Build.0 = Release|Any CPU
		{BB17E68C-3AD9-4BB9-BA29-2E8042DC8F3C}.Debug|Any CPU.ActiveCfg = Debug|Any CPU
		{BB17E68C-3AD9-4BB9-BA29-2E8042DC8F3C}.Debug|Any CPU.Build.0 = Debug|Any CPU
		{BB17E68C-3AD9-4BB9-BA29-2E8042DC8F3C}.Release|Any CPU.ActiveCfg = Release|Any CPU
		{BB17E68C-3AD9-4BB9-BA29-2E8042DC8F3C}.Release|Any CPU.Build.0 = Release|Any CPU
	EndGlobalSection
	GlobalSection(SolutionProperties) = preSolution
		HideSolutionNode = FALSE
	EndGlobalSection
	GlobalSection(NestedProjects) = preSolution
		{1CD608E6-6E86-4BAF-866E-0D13073BCC2E} = {70201815-CFB6-4161-808B-C8E469586746}
		{405CF7E3-6D8D-474E-84AC-642FF5B8D865} = {70201815-CFB6-4161-808B-C8E469586746}
		{330100BA-3C51-4D99-B6A8-A993A44514EC} = {70201815-CFB6-4161-808B-C8E469586746}
		{DA7C94C5-EA0A-4983-8166-AC629CFBB4EA} = {70201815-CFB6-4161-808B-C8E469586746}
		{08D24B1E-B65E-4110-938F-7D9AB6FBF615} = {70201815-CFB6-4161-808B-C8E469586746}
		{BB17E68C-3AD9-4BB9-BA29-2E8042DC8F3C} = {70201815-CFB6-4161-808B-C8E469586746}
	EndGlobalSection
	GlobalSection(ExtensibilityGlobals) = postSolution
		SolutionGuid = {58B34B7E-818A-478A-81AC-068236E57FAD}
	EndGlobalSection
EndGlobal
