
Microsoft Visual Studio Solution File, Format Version 12.00
# Visual Studio Version 16
VisualStudioVersion = 16.0.29025.244
MinimumVisualStudioVersion = 10.0.40219.1
Project("{2150E333-8FDC-42A3-9474-1A3956D46DE8}") = ".shared", ".shared", "{10BDD7B8-50F7-4DCB-A63E-C6098B7C227D}"
	ProjectSection(SolutionItems) = preProject
		.shared\SharedAssemblyInfo.cs = .shared\SharedAssemblyInfo.cs
	EndProjectSection
EndProject
Project("{FAE04EC0-301F-11D3-BF4B-00C04F79EFBC}") = "Dogginator", "Dogginator\Dogginator.csproj", "{0C3E6EBB-AB46-4509-AD7E-AB5E0E416647}"
EndProject
Project("{FAE04EC0-301F-11D3-BF4B-00C04F79EFBC}") = "DogginatorLibrary", "DogginatorLibrary\DogginatorLibrary.csproj", "{1CD608E6-6E86-4BAF-866E-0D13073BCC2E}"
EndProject
Project("{FAE04EC0-301F-11D3-BF4B-00C04F79EFBC}") = "LoginLibrary", "LoginLibrary\LoginLibrary.csproj", "{405CF7E3-6D8D-474E-84AC-642FF5B8D865}"
EndProject
Project("{FAE04EC0-301F-11D3-BF4B-00C04F79EFBC}") = "AppointmentLibrary", "AppointmentLibrary\AppointmentLibrary.csproj", "{330100BA-3C51-4D99-B6A8-A993A44514EC}"
EndProject
Project("{2150E333-8FDC-42A3-9474-1A3956D46DE8}") = "Librarys", "Librarys", "{70201815-CFB6-4161-808B-C8E469586746}"
EndProject
Project("{FAE04EC0-301F-11D3-BF4B-00C04F79EFBC}") = "ConsistedBookLibrary", "ConsistedBookLibrary\ConsistedBookLibrary.csproj", "{DA7C94C5-EA0A-4983-8166-AC629CFBB4EA}"
EndProject
Project("{FAE04EC0-301F-11D3-BF4B-00C04F79EFBC}") = "CustomerLibrary", "CustomerLibrary\CustomerLibrary.csproj", "{08D24B1E-B65E-4110-938F-7D9AB6FBF615}"
EndProject
Project("{FAE04EC0-301F-11D3-BF4B-00C04F79EFBC}") = "DogLibrary", "DogLibrary\DogLibrary.csproj", "{BB17E68C-3AD9-4BB9-BA29-2E8042DC8F3C}"
EndProject
Project("{FAE04EC0-301F-11D3-BF4B-00C04F79EFBC}") = "InvoiceLibrary", "InvoiceLibrary\InvoiceLibrary.csproj", "{CE7BF11D-6901-492D-8D68-9BC46E184818}"
EndProject
Project("{FAE04EC0-301F-11D3-BF4B-00C04F79EFBC}") = "OptionLibrary", "OptionLibrary\OptionLibrary.csproj", "{5D240507-E6D9-423F-A910-51C0E57F629A}"
EndProject
Project("{FAE04EC0-301F-11D3-BF4B-00C04F79EFBC}") = "OverviewLibrary", "OverviewLibrary\OverviewLibrary.csproj", "{7AB36138-CB0D-4CB5-A58D-63AE42351385}"
EndProject
Project("{FAE04EC0-301F-11D3-BF4B-00C04F79EFBC}") = "ProductLibrary", "ProductLibrary\ProductLibrary.csproj", "{1BF8A3F2-E701-4206-A0E4-9DF09681B2EE}"
EndProject
Project("{FAE04EC0-301F-11D3-BF4B-00C04F79EFBC}") = "UserLibrary", "UserLibrary\UserLibrary.csproj", "{929C62C0-28B6-4AE1-A092-AFE6DFF503AE}"
EndProject
Project("{FAE04EC0-301F-11D3-BF4B-00C04F79EFBC}") = "InvoiceLibraryTests", "InvoiceLibraryTests\InvoiceLibraryTests.csproj", "{A881FE57-D82B-460D-8470-3DC84E0E0221}"
EndProject
Project("{2150E333-8FDC-42A3-9474-1A3956D46DE8}") = "Tests", "Tests", "{9E5543CB-E71F-4B7F-A561-46D7E315E83A}"
EndProject
Project("{FAE04EC0-301F-11D3-BF4B-00C04F79EFBC}") = "AppointmentLibraryTests", "AppointmentLibraryTests\AppointmentLibraryTests.csproj", "{412235A2-F782-45A9-B7F0-A9C80FC6EFAF}"
EndProject
Project("{FAE04EC0-301F-11D3-BF4B-00C04F79EFBC}") = "ConsistedBookLibraryTests", "ConsistedBookLibraryTests\ConsistedBookLibraryTests.csproj", "{2A6EC9CC-D645-4EA8-9ACF-958D5B75EE81}"
EndProject
Project("{FAE04EC0-301F-11D3-BF4B-00C04F79EFBC}") = "CustomerLibraryTests", "CustomerLibraryTests\CustomerLibraryTests.csproj", "{401B6A47-3DEA-46EF-8E6E-75B368777655}"
EndProject
Project("{FAE04EC0-301F-11D3-BF4B-00C04F79EFBC}") = "DogginatorLibraryTests", "DogginatorLibraryTests\DogginatorLibraryTests.csproj", "{E19C4B4B-2B1E-434A-8883-39256BEF463D}"
EndProject
Project("{FAE04EC0-301F-11D3-BF4B-00C04F79EFBC}") = "DogLibraryTests", "DogLibraryTests\DogLibraryTests.csproj", "{AE20BCEC-DF5E-4C31-98AF-D2EF31A832B7}"
EndProject
Project("{FAE04EC0-301F-11D3-BF4B-00C04F79EFBC}") = "LoginLibraryTests", "LoginLibraryTests\LoginLibraryTests.csproj", "{5358D8ED-EAC8-4753-9F80-849BBE97C2ED}"
EndProject
Project("{FAE04EC0-301F-11D3-BF4B-00C04F79EFBC}") = "OptionLibraryTest", "OptionLibraryTest\OptionLibraryTest.csproj", "{DCDB7C36-DA8A-406D-867E-B30244ACBF74}"
EndProject
Project("{FAE04EC0-301F-11D3-BF4B-00C04F79EFBC}") = "OverviewLibraryTests", "OverviewLibraryTests\OverviewLibraryTests.csproj", "{AEEC93FA-1AA6-4A2E-B1DA-C0D135DA2B60}"
EndProject
Project("{FAE04EC0-301F-11D3-BF4B-00C04F79EFBC}") = "ProductViewLibraryTests", "ProductViewLibraryTests\ProductViewLibraryTests.csproj", "{B11EEF75-6193-41BF-BDD6-E436324772F0}"
EndProject
Project("{FAE04EC0-301F-11D3-BF4B-00C04F79EFBC}") = "UserLibraryTests", "UserLibraryTests\UserLibraryTests.csproj", "{5C3E419F-C649-4268-A910-FA14370C649D}"
EndProject
Project("{FAE04EC0-301F-11D3-BF4B-00C04F79EFBC}") = "DogginatorTests", "DogginatorTests\DogginatorTests.csproj", "{72CAE85D-C53B-4372-8124-500DCC6D5E1A}"
EndProject
Global
	GlobalSection(SolutionConfigurationPlatforms) = preSolution
		Debug|Any CPU = Debug|Any CPU
		Release|Any CPU = Release|Any CPU
	EndGlobalSection
	GlobalSection(ProjectConfigurationPlatforms) = postSolution
		{0C3E6EBB-AB46-4509-AD7E-AB5E0E416647}.Debug|Any CPU.ActiveCfg = Debug|Any CPU
		{0C3E6EBB-AB46-4509-AD7E-AB5E0E416647}.Debug|Any CPU.Build.0 = Debug|Any CPU
		{0C3E6EBB-AB46-4509-AD7E-AB5E0E416647}.Release|Any CPU.ActiveCfg = Release|Any CPU
		{0C3E6EBB-AB46-4509-AD7E-AB5E0E416647}.Release|Any CPU.Build.0 = Release|Any CPU
		{1CD608E6-6E86-4BAF-866E-0D13073BCC2E}.Debug|Any CPU.ActiveCfg = Debug|Any CPU
		{1CD608E6-6E86-4BAF-866E-0D13073BCC2E}.Debug|Any CPU.Build.0 = Debug|Any CPU
		{1CD608E6-6E86-4BAF-866E-0D13073BCC2E}.Release|Any CPU.ActiveCfg = Release|Any CPU
		{1CD608E6-6E86-4BAF-866E-0D13073BCC2E}.Release|Any CPU.Build.0 = Release|Any CPU
		{405CF7E3-6D8D-474E-84AC-642FF5B8D865}.Debug|Any CPU.ActiveCfg = Debug|Any CPU
		{405CF7E3-6D8D-474E-84AC-642FF5B8D865}.Debug|Any CPU.Build.0 = Debug|Any CPU
		{405CF7E3-6D8D-474E-84AC-642FF5B8D865}.Release|Any CPU.ActiveCfg = Release|Any CPU
		{405CF7E3-6D8D-474E-84AC-642FF5B8D865}.Release|Any CPU.Build.0 = Release|Any CPU
		{330100BA-3C51-4D99-B6A8-A993A44514EC}.Debug|Any CPU.ActiveCfg = Debug|Any CPU
		{330100BA-3C51-4D99-B6A8-A993A44514EC}.Debug|Any CPU.Build.0 = Debug|Any CPU
		{330100BA-3C51-4D99-B6A8-A993A44514EC}.Release|Any CPU.ActiveCfg = Release|Any CPU
		{330100BA-3C51-4D99-B6A8-A993A44514EC}.Release|Any CPU.Build.0 = Release|Any CPU
		{DA7C94C5-EA0A-4983-8166-AC629CFBB4EA}.Debug|Any CPU.ActiveCfg = Debug|Any CPU
		{DA7C94C5-EA0A-4983-8166-AC629CFBB4EA}.Debug|Any CPU.Build.0 = Debug|Any CPU
		{DA7C94C5-EA0A-4983-8166-AC629CFBB4EA}.Release|Any CPU.ActiveCfg = Release|Any CPU
		{DA7C94C5-EA0A-4983-8166-AC629CFBB4EA}.Release|Any CPU.Build.0 = Release|Any CPU
		{08D24B1E-B65E-4110-938F-7D9AB6FBF615}.Debug|Any CPU.ActiveCfg = Debug|Any CPU
		{08D24B1E-B65E-4110-938F-7D9AB6FBF615}.Debug|Any CPU.Build.0 = Debug|Any CPU
		{08D24B1E-B65E-4110-938F-7D9AB6FBF615}.Release|Any CPU.ActiveCfg = Release|Any CPU
		{08D24B1E-B65E-4110-938F-7D9AB6FBF615}.Release|Any CPU.Build.0 = Release|Any CPU
		{BB17E68C-3AD9-4BB9-BA29-2E8042DC8F3C}.Debug|Any CPU.ActiveCfg = Debug|Any CPU
		{BB17E68C-3AD9-4BB9-BA29-2E8042DC8F3C}.Debug|Any CPU.Build.0 = Debug|Any CPU
		{BB17E68C-3AD9-4BB9-BA29-2E8042DC8F3C}.Release|Any CPU.ActiveCfg = Release|Any CPU
		{BB17E68C-3AD9-4BB9-BA29-2E8042DC8F3C}.Release|Any CPU.Build.0 = Release|Any CPU
		{CE7BF11D-6901-492D-8D68-9BC46E184818}.Debug|Any CPU.ActiveCfg = Debug|Any CPU
		{CE7BF11D-6901-492D-8D68-9BC46E184818}.Debug|Any CPU.Build.0 = Debug|Any CPU
		{CE7BF11D-6901-492D-8D68-9BC46E184818}.Release|Any CPU.ActiveCfg = Release|Any CPU
		{CE7BF11D-6901-492D-8D68-9BC46E184818}.Release|Any CPU.Build.0 = Release|Any CPU
		{5D240507-E6D9-423F-A910-51C0E57F629A}.Debug|Any CPU.ActiveCfg = Debug|Any CPU
		{5D240507-E6D9-423F-A910-51C0E57F629A}.Debug|Any CPU.Build.0 = Debug|Any CPU
		{5D240507-E6D9-423F-A910-51C0E57F629A}.Release|Any CPU.ActiveCfg = Release|Any CPU
		{5D240507-E6D9-423F-A910-51C0E57F629A}.Release|Any CPU.Build.0 = Release|Any CPU
		{7AB36138-CB0D-4CB5-A58D-63AE42351385}.Debug|Any CPU.ActiveCfg = Debug|Any CPU
		{7AB36138-CB0D-4CB5-A58D-63AE42351385}.Debug|Any CPU.Build.0 = Debug|Any CPU
		{7AB36138-CB0D-4CB5-A58D-63AE42351385}.Release|Any CPU.ActiveCfg = Release|Any CPU
		{7AB36138-CB0D-4CB5-A58D-63AE42351385}.Release|Any CPU.Build.0 = Release|Any CPU
		{1BF8A3F2-E701-4206-A0E4-9DF09681B2EE}.Debug|Any CPU.ActiveCfg = Debug|Any CPU
		{1BF8A3F2-E701-4206-A0E4-9DF09681B2EE}.Debug|Any CPU.Build.0 = Debug|Any CPU
		{1BF8A3F2-E701-4206-A0E4-9DF09681B2EE}.Release|Any CPU.ActiveCfg = Release|Any CPU
		{1BF8A3F2-E701-4206-A0E4-9DF09681B2EE}.Release|Any CPU.Build.0 = Release|Any CPU
		{929C62C0-28B6-4AE1-A092-AFE6DFF503AE}.Debug|Any CPU.ActiveCfg = Debug|Any CPU
		{929C62C0-28B6-4AE1-A092-AFE6DFF503AE}.Debug|Any CPU.Build.0 = Debug|Any CPU
		{929C62C0-28B6-4AE1-A092-AFE6DFF503AE}.Release|Any CPU.ActiveCfg = Release|Any CPU
		{929C62C0-28B6-4AE1-A092-AFE6DFF503AE}.Release|Any CPU.Build.0 = Release|Any CPU
		{A881FE57-D82B-460D-8470-3DC84E0E0221}.Debug|Any CPU.ActiveCfg = Debug|Any CPU
		{A881FE57-D82B-460D-8470-3DC84E0E0221}.Debug|Any CPU.Build.0 = Debug|Any CPU
		{A881FE57-D82B-460D-8470-3DC84E0E0221}.Release|Any CPU.ActiveCfg = Release|Any CPU
		{A881FE57-D82B-460D-8470-3DC84E0E0221}.Release|Any CPU.Build.0 = Release|Any CPU
		{412235A2-F782-45A9-B7F0-A9C80FC6EFAF}.Debug|Any CPU.ActiveCfg = Debug|Any CPU
		{412235A2-F782-45A9-B7F0-A9C80FC6EFAF}.Debug|Any CPU.Build.0 = Debug|Any CPU
		{412235A2-F782-45A9-B7F0-A9C80FC6EFAF}.Release|Any CPU.ActiveCfg = Release|Any CPU
		{412235A2-F782-45A9-B7F0-A9C80FC6EFAF}.Release|Any CPU.Build.0 = Release|Any CPU
		{2A6EC9CC-D645-4EA8-9ACF-958D5B75EE81}.Debug|Any CPU.ActiveCfg = Debug|Any CPU
		{2A6EC9CC-D645-4EA8-9ACF-958D5B75EE81}.Debug|Any CPU.Build.0 = Debug|Any CPU
		{2A6EC9CC-D645-4EA8-9ACF-958D5B75EE81}.Release|Any CPU.ActiveCfg = Release|Any CPU
		{2A6EC9CC-D645-4EA8-9ACF-958D5B75EE81}.Release|Any CPU.Build.0 = Release|Any CPU
		{401B6A47-3DEA-46EF-8E6E-75B368777655}.Debug|Any CPU.ActiveCfg = Debug|Any CPU
		{401B6A47-3DEA-46EF-8E6E-75B368777655}.Debug|Any CPU.Build.0 = Debug|Any CPU
		{401B6A47-3DEA-46EF-8E6E-75B368777655}.Release|Any CPU.ActiveCfg = Release|Any CPU
		{401B6A47-3DEA-46EF-8E6E-75B368777655}.Release|Any CPU.Build.0 = Release|Any CPU
		{E19C4B4B-2B1E-434A-8883-39256BEF463D}.Debug|Any CPU.ActiveCfg = Debug|Any CPU
		{E19C4B4B-2B1E-434A-8883-39256BEF463D}.Debug|Any CPU.Build.0 = Debug|Any CPU
		{E19C4B4B-2B1E-434A-8883-39256BEF463D}.Release|Any CPU.ActiveCfg = Release|Any CPU
		{E19C4B4B-2B1E-434A-8883-39256BEF463D}.Release|Any CPU.Build.0 = Release|Any CPU
		{AE20BCEC-DF5E-4C31-98AF-D2EF31A832B7}.Debug|Any CPU.ActiveCfg = Debug|Any CPU
		{AE20BCEC-DF5E-4C31-98AF-D2EF31A832B7}.Debug|Any CPU.Build.0 = Debug|Any CPU
		{AE20BCEC-DF5E-4C31-98AF-D2EF31A832B7}.Release|Any CPU.ActiveCfg = Release|Any CPU
		{AE20BCEC-DF5E-4C31-98AF-D2EF31A832B7}.Release|Any CPU.Build.0 = Release|Any CPU
		{5358D8ED-EAC8-4753-9F80-849BBE97C2ED}.Debug|Any CPU.ActiveCfg = Debug|Any CPU
		{5358D8ED-EAC8-4753-9F80-849BBE97C2ED}.Debug|Any CPU.Build.0 = Debug|Any CPU
		{5358D8ED-EAC8-4753-9F80-849BBE97C2ED}.Release|Any CPU.ActiveCfg = Release|Any CPU
		{5358D8ED-EAC8-4753-9F80-849BBE97C2ED}.Release|Any CPU.Build.0 = Release|Any CPU
		{DCDB7C36-DA8A-406D-867E-B30244ACBF74}.Debug|Any CPU.ActiveCfg = Debug|Any CPU
		{DCDB7C36-DA8A-406D-867E-B30244ACBF74}.Debug|Any CPU.Build.0 = Debug|Any CPU
		{DCDB7C36-DA8A-406D-867E-B30244ACBF74}.Release|Any CPU.ActiveCfg = Release|Any CPU
		{DCDB7C36-DA8A-406D-867E-B30244ACBF74}.Release|Any CPU.Build.0 = Release|Any CPU
		{AEEC93FA-1AA6-4A2E-B1DA-C0D135DA2B60}.Debug|Any CPU.ActiveCfg = Debug|Any CPU
		{AEEC93FA-1AA6-4A2E-B1DA-C0D135DA2B60}.Debug|Any CPU.Build.0 = Debug|Any CPU
		{AEEC93FA-1AA6-4A2E-B1DA-C0D135DA2B60}.Release|Any CPU.ActiveCfg = Release|Any CPU
		{AEEC93FA-1AA6-4A2E-B1DA-C0D135DA2B60}.Release|Any CPU.Build.0 = Release|Any CPU
		{B11EEF75-6193-41BF-BDD6-E436324772F0}.Debug|Any CPU.ActiveCfg = Debug|Any CPU
		{B11EEF75-6193-41BF-BDD6-E436324772F0}.Debug|Any CPU.Build.0 = Debug|Any CPU
		{B11EEF75-6193-41BF-BDD6-E436324772F0}.Release|Any CPU.ActiveCfg = Release|Any CPU
		{B11EEF75-6193-41BF-BDD6-E436324772F0}.Release|Any CPU.Build.0 = Release|Any CPU
		{5C3E419F-C649-4268-A910-FA14370C649D}.Debug|Any CPU.ActiveCfg = Debug|Any CPU
		{5C3E419F-C649-4268-A910-FA14370C649D}.Debug|Any CPU.Build.0 = Debug|Any CPU
		{5C3E419F-C649-4268-A910-FA14370C649D}.Release|Any CPU.ActiveCfg = Release|Any CPU
		{5C3E419F-C649-4268-A910-FA14370C649D}.Release|Any CPU.Build.0 = Release|Any CPU
		{72CAE85D-C53B-4372-8124-500DCC6D5E1A}.Debug|Any CPU.ActiveCfg = Debug|Any CPU
		{72CAE85D-C53B-4372-8124-500DCC6D5E1A}.Debug|Any CPU.Build.0 = Debug|Any CPU
		{72CAE85D-C53B-4372-8124-500DCC6D5E1A}.Release|Any CPU.ActiveCfg = Release|Any CPU
		{72CAE85D-C53B-4372-8124-500DCC6D5E1A}.Release|Any CPU.Build.0 = Release|Any CPU
	EndGlobalSection
	GlobalSection(SolutionProperties) = preSolution
		HideSolutionNode = FALSE
	EndGlobalSection
	GlobalSection(NestedProjects) = preSolution
		{1CD608E6-6E86-4BAF-866E-0D13073BCC2E} = {70201815-CFB6-4161-808B-C8E469586746}
		{405CF7E3-6D8D-474E-84AC-642FF5B8D865} = {70201815-CFB6-4161-808B-C8E469586746}
		{330100BA-3C51-4D99-B6A8-A993A44514EC} = {70201815-CFB6-4161-808B-C8E469586746}
		{DA7C94C5-EA0A-4983-8166-AC629CFBB4EA} = {70201815-CFB6-4161-808B-C8E469586746}
		{08D24B1E-B65E-4110-938F-7D9AB6FBF615} = {70201815-CFB6-4161-808B-C8E469586746}
		{BB17E68C-3AD9-4BB9-BA29-2E8042DC8F3C} = {70201815-CFB6-4161-808B-C8E469586746}
		{CE7BF11D-6901-492D-8D68-9BC46E184818} = {70201815-CFB6-4161-808B-C8E469586746}
		{5D240507-E6D9-423F-A910-51C0E57F629A} = {70201815-CFB6-4161-808B-C8E469586746}
		{7AB36138-CB0D-4CB5-A58D-63AE42351385} = {70201815-CFB6-4161-808B-C8E469586746}
		{1BF8A3F2-E701-4206-A0E4-9DF09681B2EE} = {70201815-CFB6-4161-808B-C8E469586746}
		{929C62C0-28B6-4AE1-A092-AFE6DFF503AE} = {70201815-CFB6-4161-808B-C8E469586746}
		{A881FE57-D82B-460D-8470-3DC84E0E0221} = {9E5543CB-E71F-4B7F-A561-46D7E315E83A}
		{412235A2-F782-45A9-B7F0-A9C80FC6EFAF} = {9E5543CB-E71F-4B7F-A561-46D7E315E83A}
		{2A6EC9CC-D645-4EA8-9ACF-958D5B75EE81} = {9E5543CB-E71F-4B7F-A561-46D7E315E83A}
		{401B6A47-3DEA-46EF-8E6E-75B368777655} = {9E5543CB-E71F-4B7F-A561-46D7E315E83A}
		{E19C4B4B-2B1E-434A-8883-39256BEF463D} = {9E5543CB-E71F-4B7F-A561-46D7E315E83A}
		{AE20BCEC-DF5E-4C31-98AF-D2EF31A832B7} = {9E5543CB-E71F-4B7F-A561-46D7E315E83A}
		{5358D8ED-EAC8-4753-9F80-849BBE97C2ED} = {9E5543CB-E71F-4B7F-A561-46D7E315E83A}
		{DCDB7C36-DA8A-406D-867E-B30244ACBF74} = {9E5543CB-E71F-4B7F-A561-46D7E315E83A}
		{AEEC93FA-1AA6-4A2E-B1DA-C0D135DA2B60} = {9E5543CB-E71F-4B7F-A561-46D7E315E83A}
		{B11EEF75-6193-41BF-BDD6-E436324772F0} = {9E5543CB-E71F-4B7F-A561-46D7E315E83A}
		{5C3E419F-C649-4268-A910-FA14370C649D} = {9E5543CB-E71F-4B7F-A561-46D7E315E83A}
		{72CAE85D-C53B-4372-8124-500DCC6D5E1A} = {9E5543CB-E71F-4B7F-A561-46D7E315E83A}
	EndGlobalSection
	GlobalSection(ExtensibilityGlobals) = postSolution
		SolutionGuid = {58B34B7E-818A-478A-81AC-068236E57FAD}
	EndGlobalSection
EndGlobal
